{
  "name": "WEBRTC-FINAL-",
  "lockfileVersion": 3,
  "requires": true,
  "packages": {
    "": {
      "devDependencies": {
        "@types/react-speech-recognition": "^3.9.5"
      }
    },
    "node_modules/@types/dom-speech-recognition": {
      "version": "0.0.4",
      "resolved": "https://registry.npmjs.org/@types/dom-speech-recognition/-/dom-speech-recognition-0.0.4.tgz",
      "integrity": "sha512-zf2GwV/G6TdaLwpLDcGTIkHnXf8JEf/viMux+khqKQKDa8/8BAUtXXZS563GnvJ4Fg0PBLGAaFf2GekEVSZ6GQ==",
      "dev": true
    },
    "node_modules/@types/react-speech-recognition": {
      "version": "3.9.5",
      "resolved": "https://registry.npmjs.org/@types/react-speech-recognition/-/react-speech-recognition-3.9.5.tgz",
      "integrity": "sha512-m3Sg3Xtj/YcEUu+nLPGwI6oq1wcSblsuyAmXgBfW6Nprfmtl+A+kH4ruPzzFKnFkq6WmmRxdsLvt0nLRAAJtBw==",
      "dev": true,
      "dependencies": {
        "@types/dom-speech-recognition": "*"
      }
    }
  }
}
